{
  "name": "encounter-generator",
  "lockfileVersion": 2,
  "requires": true,
  "packages": {
    "": {
      "dependencies": {
        "novel-js": "^0.8.3"
      }
    },
    "node_modules/novel-js": {
      "version": "0.8.3",
      "resolved": "https://registry.npmjs.org/novel-js/-/novel-js-0.8.3.tgz",
      "integrity": "sha512-Yvk+6GqN3MRdDP21StJ7lCrj0ogRjmaXc8adrNsdBEXWNU9Qs/Llpy2gZ9QPBvByp3qohbEde7/ug1wN7AeBKQ==",
      "optionalDependencies": {
        "papaparse": "^5.2.0"
      }
    },
    "node_modules/papaparse": {
      "version": "5.3.2",
      "resolved": "https://registry.npmjs.org/papaparse/-/papaparse-5.3.2.tgz",
      "integrity": "sha512-6dNZu0Ki+gyV0eBsFKJhYr+MdQYAzFUGlBMNj3GNrmHxmz1lfRa24CjFObPXtjcetlOv5Ad299MhIK0znp3afw==",
      "optional": true
    }
  },
  "dependencies": {
    "novel-js": {
      "version": "0.8.3",
      "resolved": "https://registry.npmjs.org/novel-js/-/novel-js-0.8.3.tgz",
      "integrity": "sha512-Yvk+6GqN3MRdDP21StJ7lCrj0ogRjmaXc8adrNsdBEXWNU9Qs/Llpy2gZ9QPBvByp3qohbEde7/ug1wN7AeBKQ==",
      "requires": {
        "papaparse": "^5.2.0"
      }
    },
    "papaparse": {
      "version": "5.3.2",
      "resolved": "https://registry.npmjs.org/papaparse/-/papaparse-5.3.2.tgz",
      "integrity": "sha512-6dNZu0Ki+gyV0eBsFKJhYr+MdQYAzFUGlBMNj3GNrmHxmz1lfRa24CjFObPXtjcetlOv5Ad299MhIK0znp3afw==",
      "optional": true
    }
  }
}
